
Microsoft Visual Studio Solution File, Format Version 12.00
# Visual Studio Version 16
VisualStudioVersion = 16.0.31613.86
MinimumVisualStudioVersion = 10.0.40219.1
Project("{9A19103F-16F7-4668-BE54-9A1E7A4F7556}") = "day0x01", "day0x01\day0x01.csproj", "{343FA32D-526E-4E8B-980A-984D0966CCA2}"
EndProject
Project("{9A19103F-16F7-4668-BE54-9A1E7A4F7556}") = "day0x02", "day0x02\day0x02.csproj", "{977F6C18-8FB6-45B3-889F-4DF92F2A219C}"
EndProject
Project("{9A19103F-16F7-4668-BE54-9A1E7A4F7556}") = "day0x03", "day0x03\day0x03.csproj", "{AA5D9ED6-062B-4820-8FFE-08AEEBE702B6}"
EndProject
Project("{9A19103F-16F7-4668-BE54-9A1E7A4F7556}") = "day0x04", "day0x04\day0x04.csproj", "{0F4F363E-5DB6-46AC-A68E-040A29258AF6}"
EndProject
Project("{9A19103F-16F7-4668-BE54-9A1E7A4F7556}") = "day0x05", "day0x05\day0x05.csproj", "{7404EB2A-6EFA-4A5C-BE1B-31FF772FEC3B}"
EndProject
Project("{FAE04EC0-301F-11D3-BF4B-00C04F79EFBC}") = "AoC2020Tests", "AoC2020Tests\AoC2020Tests.csproj", "{FC6C729E-01A4-4B92-9324-7E3F5D64521F}"
EndProject
Project("{FAE04EC0-301F-11D3-BF4B-00C04F79EFBC}") = "day0x06", "day0x06\day0x06.csproj", "{27B72F0B-D2D7-4943-A84C-98A7F01E0825}"
EndProject
Global
	GlobalSection(SolutionConfigurationPlatforms) = preSolution
		Debug|Any CPU = Debug|Any CPU
		Release|Any CPU = Release|Any CPU
	EndGlobalSection
	GlobalSection(ProjectConfigurationPlatforms) = postSolution
		{343FA32D-526E-4E8B-980A-984D0966CCA2}.Debug|Any CPU.ActiveCfg = Debug|Any CPU
		{343FA32D-526E-4E8B-980A-984D0966CCA2}.Debug|Any CPU.Build.0 = Debug|Any CPU
		{343FA32D-526E-4E8B-980A-984D0966CCA2}.Release|Any CPU.ActiveCfg = Release|Any CPU
		{343FA32D-526E-4E8B-980A-984D0966CCA2}.Release|Any CPU.Build.0 = Release|Any CPU
		{977F6C18-8FB6-45B3-889F-4DF92F2A219C}.Debug|Any CPU.ActiveCfg = Debug|Any CPU
		{977F6C18-8FB6-45B3-889F-4DF92F2A219C}.Debug|Any CPU.Build.0 = Debug|Any CPU
		{977F6C18-8FB6-45B3-889F-4DF92F2A219C}.Release|Any CPU.ActiveCfg = Release|Any CPU
		{977F6C18-8FB6-45B3-889F-4DF92F2A219C}.Release|Any CPU.Build.0 = Release|Any CPU
		{AA5D9ED6-062B-4820-8FFE-08AEEBE702B6}.Debug|Any CPU.ActiveCfg = Debug|Any CPU
		{AA5D9ED6-062B-4820-8FFE-08AEEBE702B6}.Debug|Any CPU.Build.0 = Debug|Any CPU
		{AA5D9ED6-062B-4820-8FFE-08AEEBE702B6}.Release|Any CPU.ActiveCfg = Release|Any CPU
		{AA5D9ED6-062B-4820-8FFE-08AEEBE702B6}.Release|Any CPU.Build.0 = Release|Any CPU
		{0F4F363E-5DB6-46AC-A68E-040A29258AF6}.Debug|Any CPU.ActiveCfg = Debug|Any CPU
		{0F4F363E-5DB6-46AC-A68E-040A29258AF6}.Debug|Any CPU.Build.0 = Debug|Any CPU
		{0F4F363E-5DB6-46AC-A68E-040A29258AF6}.Release|Any CPU.ActiveCfg = Release|Any CPU
		{0F4F363E-5DB6-46AC-A68E-040A29258AF6}.Release|Any CPU.Build.0 = Release|Any CPU
		{7404EB2A-6EFA-4A5C-BE1B-31FF772FEC3B}.Debug|Any CPU.ActiveCfg = Debug|Any CPU
		{7404EB2A-6EFA-4A5C-BE1B-31FF772FEC3B}.Debug|Any CPU.Build.0 = Debug|Any CPU
		{7404EB2A-6EFA-4A5C-BE1B-31FF772FEC3B}.Release|Any CPU.ActiveCfg = Release|Any CPU
		{7404EB2A-6EFA-4A5C-BE1B-31FF772FEC3B}.Release|Any CPU.Build.0 = Release|Any CPU
		{FC6C729E-01A4-4B92-9324-7E3F5D64521F}.Debug|Any CPU.ActiveCfg = Debug|Any CPU
		{FC6C729E-01A4-4B92-9324-7E3F5D64521F}.Debug|Any CPU.Build.0 = Debug|Any CPU
		{FC6C729E-01A4-4B92-9324-7E3F5D64521F}.Release|Any CPU.ActiveCfg = Release|Any CPU
		{FC6C729E-01A4-4B92-9324-7E3F5D64521F}.Release|Any CPU.Build.0 = Release|Any CPU
		{27B72F0B-D2D7-4943-A84C-98A7F01E0825}.Debug|Any CPU.ActiveCfg = Debug|Any CPU
		{27B72F0B-D2D7-4943-A84C-98A7F01E0825}.Debug|Any CPU.Build.0 = Debug|Any CPU
		{27B72F0B-D2D7-4943-A84C-98A7F01E0825}.Release|Any CPU.ActiveCfg = Release|Any CPU
		{27B72F0B-D2D7-4943-A84C-98A7F01E0825}.Release|Any CPU.Build.0 = Release|Any CPU
	EndGlobalSection
	GlobalSection(SolutionProperties) = preSolution
		HideSolutionNode = FALSE
	EndGlobalSection
	GlobalSection(ExtensibilityGlobals) = postSolution
		SolutionGuid = {A38D6718-E499-40A2-934D-6A8A670BFCA8}
	EndGlobalSection
EndGlobal
